// !$*UTF8*$!
{
	archiveVersion = 1;
	classes = {
	};
	objectVersion = 46;
	objects = {

/* Begin PBXBuildFile section */
		1975792C1E41E6A20030399B /* AppDelegate.swift in Sources */ = {isa = PBXBuildFile; fileRef = 1975792B1E41E6A20030399B /* AppDelegate.swift */; };
		1975792E1E41E6A20030399B /* ViewController.swift in Sources */ = {isa = PBXBuildFile; fileRef = 1975792D1E41E6A20030399B /* ViewController.swift */; };
		197579311E41E6A20030399B /* Main.storyboard in Resources */ = {isa = PBXBuildFile; fileRef = 1975792F1E41E6A20030399B /* Main.storyboard */; };
		197579331E41E6A20030399B /* Assets.xcassets in Resources */ = {isa = PBXBuildFile; fileRef = 197579321E41E6A20030399B /* Assets.xcassets */; };
		197579361E41E6A20030399B /* LaunchScreen.storyboard in Resources */ = {isa = PBXBuildFile; fileRef = 197579341E41E6A20030399B /* LaunchScreen.storyboard */; };
		197579411E41E6A20030399B /* Image_ShaderTests.swift in Sources */ = {isa = PBXBuildFile; fileRef = 197579401E41E6A20030399B /* Image_ShaderTests.swift */; };
		1975794C1E41E6A20030399B /* Image_ShaderUITests.swift in Sources */ = {isa = PBXBuildFile; fileRef = 1975794B1E41E6A20030399B /* Image_ShaderUITests.swift */; };
/* End PBXBuildFile section */

/* Begin PBXContainerItemProxy section */
		1975793D1E41E6A20030399B /* PBXContainerItemProxy */ = {
			isa = PBXContainerItemProxy;
			containerPortal = 197579201E41E6A10030399B /* Project object */;
			proxyType = 1;
			remoteGlobalIDString = 197579271E41E6A10030399B;
			remoteInfo = "Image Shader";
		};
		197579481E41E6A20030399B /* PBXContainerItemProxy */ = {
			isa = PBXContainerItemProxy;
			containerPortal = 197579201E41E6A10030399B /* Project object */;
			proxyType = 1;
			remoteGlobalIDString = 197579271E41E6A10030399B;
			remoteInfo = "Image Shader";
		};
/* End PBXContainerItemProxy section */

/* Begin PBXFileReference section */
		197579281E41E6A10030399B /* Image Shader.app */ = {isa = PBXFileReference; explicitFileType = wrapper.application; includeInIndex = 0; path = "Image Shader.app"; sourceTree = BUILT_PRODUCTS_DIR; };
		1975792B1E41E6A20030399B /* AppDelegate.swift */ = {isa = PBXFileReference; lastKnownFileType = sourcecode.swift; path = AppDelegate.swift; sourceTree = "<group>"; };
		1975792D1E41E6A20030399B /* ViewController.swift */ = {isa = PBXFileReference; lastKnownFileType = sourcecode.swift; path = ViewController.swift; sourceTree = "<group>"; };
		197579301E41E6A20030399B /* Base */ = {isa = PBXFileReference; lastKnownFileType = file.storyboard; name = Base; path = Base.lproj/Main.storyboard; sourceTree = "<group>"; };
		197579321E41E6A20030399B /* Assets.xcassets */ = {isa = PBXFileReference; lastKnownFileType = folder.assetcatalog; path = Assets.xcassets; sourceTree = "<group>"; };
		197579351E41E6A20030399B /* Base */ = {isa = PBXFileReference; lastKnownFileType = file.storyboard; name = Base; path = Base.lproj/LaunchScreen.storyboard; sourceTree = "<group>"; };
		197579371E41E6A20030399B /* Info.plist */ = {isa = PBXFileReference; lastKnownFileType = text.plist.xml; path = Info.plist; sourceTree = "<group>"; };
		1975793C1E41E6A20030399B /* Image ShaderTests.xctest */ = {isa = PBXFileReference; explicitFileType = wrapper.cfbundle; includeInIndex = 0; path = "Image ShaderTests.xctest"; sourceTree = BUILT_PRODUCTS_DIR; };
		197579401E41E6A20030399B /* Image_ShaderTests.swift */ = {isa = PBXFileReference; lastKnownFileType = sourcecode.swift; path = Image_ShaderTests.swift; sourceTree = "<group>"; };
		197579421E41E6A20030399B /* Info.plist */ = {isa = PBXFileReference; lastKnownFileType = text.plist.xml; path = Info.plist; sourceTree = "<group>"; };
		197579471E41E6A20030399B /* Image ShaderUITests.xctest */ = {isa = PBXFileReference; explicitFileType = wrapper.cfbundle; includeInIndex = 0; path = "Image ShaderUITests.xctest"; sourceTree = BUILT_PRODUCTS_DIR; };
		1975794B1E41E6A20030399B /* Image_ShaderUITests.swift */ = {isa = PBXFileReference; lastKnownFileType = sourcecode.swift; path = Image_ShaderUITests.swift; sourceTree = "<group>"; };
		1975794D1E41E6A20030399B /* Info.plist */ = {isa = PBXFileReference; lastKnownFileType = text.plist.xml; path = Info.plist; sourceTree = "<group>"; };
/* End PBXFileReference section */

/* Begin PBXFrameworksBuildPhase section */
		197579251E41E6A10030399B /* Frameworks */ = {
			isa = PBXFrameworksBuildPhase;
			buildActionMask = 2147483647;
			files = (
			);
			runOnlyForDeploymentPostprocessing = 0;
		};
		197579391E41E6A20030399B /* Frameworks */ = {
			isa = PBXFrameworksBuildPhase;
			buildActionMask = 2147483647;
			files = (
			);
			runOnlyForDeploymentPostprocessing = 0;
		};
		197579441E41E6A20030399B /* Frameworks */ = {
			isa = PBXFrameworksBuildPhase;
			buildActionMask = 2147483647;
			files = (
			);
			runOnlyForDeploymentPostprocessing = 0;
		};
/* End PBXFrameworksBuildPhase section */

/* Begin PBXGroup section */
		1975791F1E41E6A10030399B = {
			isa = PBXGroup;
			children = (
				1975792A1E41E6A20030399B /* Image Shader */,
				1975793F1E41E6A20030399B /* Image ShaderTests */,
				1975794A1E41E6A20030399B /* Image ShaderUITests */,
				197579291E41E6A10030399B /* Products */,
			);
			sourceTree = "<group>";
		};
		197579291E41E6A10030399B /* Products */ = {
			isa = PBXGroup;
			children = (
				197579281E41E6A10030399B /* Image Shader.app */,
				1975793C1E41E6A20030399B /* Image ShaderTests.xctest */,
				197579471E41E6A20030399B /* Image ShaderUITests.xctest */,
			);
			name = Products;
			sourceTree = "<group>";
		};
		1975792A1E41E6A20030399B /* Image Shader */ = {
			isa = PBXGroup;
			children = (
				1975792B1E41E6A20030399B /* AppDelegate.swift */,
				1975792D1E41E6A20030399B /* ViewController.swift */,
				1975792F1E41E6A20030399B /* Main.storyboard */,
				197579321E41E6A20030399B /* Assets.xcassets */,
				197579341E41E6A20030399B /* LaunchScreen.storyboard */,
				197579371E41E6A20030399B /* Info.plist */,
			);
			path = "Image Shader";
			sourceTree = "<group>";
		};
		1975793F1E41E6A20030399B /* Image ShaderTests */ = {
			isa = PBXGroup;
			children = (
				197579401E41E6A20030399B /* Image_ShaderTests.swift */,
				197579421E41E6A20030399B /* Info.plist */,
			);
			path = "Image ShaderTests";
			sourceTree = "<group>";
		};
		1975794A1E41E6A20030399B /* Image ShaderUITests */ = {
			isa = PBXGroup;
			children = (
				1975794B1E41E6A20030399B /* Image_ShaderUITests.swift */,
				1975794D1E41E6A20030399B /* Info.plist */,
			);
			path = "Image ShaderUITests";
			sourceTree = "<group>";
		};
/* End PBXGroup section */

/* Begin PBXNativeTarget section */
		197579271E41E6A10030399B /* Image Shader */ = {
			isa = PBXNativeTarget;
			buildConfigurationList = 197579501E41E6A20030399B /* Build configuration list for PBXNativeTarget "Image Shader" */;
			buildPhases = (
				197579241E41E6A10030399B /* Sources */,
				197579251E41E6A10030399B /* Frameworks */,
				197579261E41E6A10030399B /* Resources */,
			);
			buildRules = (
			);
			dependencies = (
			);
			name = "Image Shader";
			productName = "Image Shader";
			productReference = 197579281E41E6A10030399B /* Image Shader.app */;
			productType = "com.apple.product-type.application";
		};
		1975793B1E41E6A20030399B /* Image ShaderTests */ = {
			isa = PBXNativeTarget;
			buildConfigurationList = 197579531E41E6A20030399B /* Build configuration list for PBXNativeTarget "Image ShaderTests" */;
			buildPhases = (
				197579381E41E6A20030399B /* Sources */,
				197579391E41E6A20030399B /* Frameworks */,
				1975793A1E41E6A20030399B /* Resources */,
			);
			buildRules = (
			);
			dependencies = (
				1975793E1E41E6A20030399B /* PBXTargetDependency */,
			);
			name = "Image ShaderTests";
			productName = "Image ShaderTests";
			productReference = 1975793C1E41E6A20030399B /* Image ShaderTests.xctest */;
			productType = "com.apple.product-type.bundle.unit-test";
		};
		197579461E41E6A20030399B /* Image ShaderUITests */ = {
			isa = PBXNativeTarget;
			buildConfigurationList = 197579561E41E6A20030399B /* Build configuration list for PBXNativeTarget "Image ShaderUITests" */;
			buildPhases = (
				197579431E41E6A20030399B /* Sources */,
				197579441E41E6A20030399B /* Frameworks */,
				197579451E41E6A20030399B /* Resources */,
			);
			buildRules = (
			);
			dependencies = (
				197579491E41E6A20030399B /* PBXTargetDependency */,
			);
			name = "Image ShaderUITests";
			productName = "Image ShaderUITests";
			productReference = 197579471E41E6A20030399B /* Image ShaderUITests.xctest */;
			productType = "com.apple.product-type.bundle.ui-testing";
		};
/* End PBXNativeTarget section */

/* Begin PBXProject section */
		197579201E41E6A10030399B /* Project object */ = {
			isa = PBXProject;
			attributes = {
				LastSwiftUpdateCheck = 0730;
				LastUpgradeCheck = 0730;
				ORGANIZATIONNAME = com.example;
				TargetAttributes = {
					197579271E41E6A10030399B = {
						CreatedOnToolsVersion = 7.3;
					};
					1975793B1E41E6A20030399B = {
						CreatedOnToolsVersion = 7.3;
						TestTargetID = 197579271E41E6A10030399B;
					};
					197579461E41E6A20030399B = {
						CreatedOnToolsVersion = 7.3;
						TestTargetID = 197579271E41E6A10030399B;
					};
				};
			};
			buildConfigurationList = 197579231E41E6A10030399B /* Build configuration list for PBXProject "Image Shader" */;
			compatibilityVersion = "Xcode 3.2";
			developmentRegion = English;
			hasScannedForEncodings = 0;
			knownRegions = (
				en,
				Base,
			);
			mainGroup = 1975791F1E41E6A10030399B;
			productRefGroup = 197579291E41E6A10030399B /* Products */;
			projectDirPath = "";
			projectRoot = "";
			targets = (
				197579271E41E6A10030399B /* Image Shader */,
				1975793B1E41E6A20030399B /* Image ShaderTests */,
				197579461E41E6A20030399B /* Image ShaderUITests */,
			);
		};
/* End PBXProject section */

/* Begin PBXResourcesBuildPhase section */
		197579261E41E6A10030399B /* Resources */ = {
			isa = PBXResourcesBuildPhase;
			buildActionMask = 2147483647;
			files = (
				197579361E41E6A20030399B /* LaunchScreen.storyboard in Resources */,
				197579331E41E6A20030399B /* Assets.xcassets in Resources */,
				197579311E41E6A20030399B /* Main.storyboard in Resources */,
			);
			runOnlyForDeploymentPostprocessing = 0;
		};
		1975793A1E41E6A20030399B /* Resources */ = {
			isa = PBXResourcesBuildPhase;
			buildActionMask = 2147483647;
			files = (
			);
			runOnlyForDeploymentPostprocessing = 0;
		};
		197579451E41E6A20030399B /* Resources */ = {
			isa = PBXResourcesBuildPhase;
			buildActionMask = 2147483647;
			files = (
			);
			runOnlyForDeploymentPostprocessing = 0;
		};
/* End PBXResourcesBuildPhase section */

/* Begin PBXSourcesBuildPhase section */
		197579241E41E6A10030399B /* Sources */ = {
			isa = PBXSourcesBuildPhase;
			buildActionMask = 2147483647;
			files = (
				1975792E1E41E6A20030399B /* ViewController.swift in Sources */,
				1975792C1E41E6A20030399B /* AppDelegate.swift in Sources */,
			);
			runOnlyForDeploymentPostprocessing = 0;
		};
		197579381E41E6A20030399B /* Sources */ = {
			isa = PBXSourcesBuildPhase;
			buildActionMask = 2147483647;
			files = (
				197579411E41E6A20030399B /* Image_ShaderTests.swift in Sources */,
			);
			runOnlyForDeploymentPostprocessing = 0;
		};
		197579431E41E6A20030399B /* Sources */ = {
			isa = PBXSourcesBuildPhase;
			buildActionMask = 2147483647;
			files = (
				1975794C1E41E6A20030399B /* Image_ShaderUITests.swift in Sources */,
			);
			runOnlyForDeploymentPostprocessing = 0;
		};
/* End PBXSourcesBuildPhase section */

/* Begin PBXTargetDependency section */
		1975793E1E41E6A20030399B /* PBXTargetDependency */ = {
			isa = PBXTargetDependency;
			target = 197579271E41E6A10030399B /* Image Shader */;
			targetProxy = 1975793D1E41E6A20030399B /* PBXContainerItemProxy */;
		};
		197579491E41E6A20030399B /* PBXTargetDependency */ = {
			isa = PBXTargetDependency;
			target = 197579271E41E6A10030399B /* Image Shader */;
			targetProxy = 197579481E41E6A20030399B /* PBXContainerItemProxy */;
		};
/* End PBXTargetDependency section */

/* Begin PBXVariantGroup section */
		1975792F1E41E6A20030399B /* Main.storyboard */ = {
			isa = PBXVariantGroup;
			children = (
				197579301E41E6A20030399B /* Base */,
			);
			name = Main.storyboard;
			sourceTree = "<group>";
		};
		197579341E41E6A20030399B /* LaunchScreen.storyboard */ = {
			isa = PBXVariantGroup;
			children = (
				197579351E41E6A20030399B /* Base */,
			);
			name = LaunchScreen.storyboard;
			sourceTree = "<group>";
		};
/* End PBXVariantGroup section */

/* Begin XCBuildConfiguration section */
		1975794E1E41E6A20030399B /* Debug */ = {
			isa = XCBuildConfiguration;
			buildSettings = {
				ALWAYS_SEARCH_USER_PATHS = NO;
				CLANG_ANALYZER_NONNULL = YES;
				CLANG_CXX_LANGUAGE_STANDARD = "gnu++0x";
				CLANG_CXX_LIBRARY = "libc++";
				CLANG_ENABLE_MODULES = YES;
				CLANG_ENABLE_OBJC_ARC = YES;
				CLANG_WARN_BOOL_CONVERSION = YES;
				CLANG_WARN_CONSTANT_CONVERSION = YES;
				CLANG_WARN_DIRECT_OBJC_ISA_USAGE = YES_ERROR;
				CLANG_WARN_EMPTY_BODY = YES;
				CLANG_WARN_ENUM_CONVERSION = YES;
				CLANG_WARN_INT_CONVERSION = YES;
				CLANG_WARN_OBJC_ROOT_CLASS = YES_ERROR;
				CLANG_WARN_UNREACHABLE_CODE = YES;
				CLANG_WARN__DUPLICATE_METHOD_MATCH = YES;
				"CODE_SIGN_IDENTITY[sdk=iphoneos*]" = "iPhone Developer";
				COPY_PHASE_STRIP = NO;
				DEBUG_INFORMATION_FORMAT = dwarf;
				ENABLE_STRICT_OBJC_MSGSEND = YES;
				ENABLE_TESTABILITY = YES;
				GCC_C_LANGUAGE_STANDARD = gnu99;
				GCC_DYNAMIC_NO_PIC = NO;
				GCC_NO_COMMON_BLOCKS = YES;
				GCC_OPTIMIZATION_LEVEL = 0;
				GCC_PREPROCESSOR_DEFINITIONS = (
					"DEBUG=1",
					"$(inherited)",
				);
				GCC_WARN_64_TO_32_BIT_CONVERSION = YES;
				GCC_WARN_ABOUT_RETURN_TYPE = YES_ERROR;
				GCC_WARN_UNDECLARED_SELECTOR = YES;
				GCC_WARN_UNINITIALIZED_AUTOS = YES_AGGRESSIVE;
				GCC_WARN_UNUSED_FUNCTION = YES;
				GCC_WARN_UNUSED_VARIABLE = YES;
				IPHONEOS_DEPLOYMENT_TARGET = 9.3;
				MTL_ENABLE_DEBUG_INFO = YES;
				ONLY_ACTIVE_ARCH = YES;
				SDKROOT = iphoneos;
				SWIFT_OPTIMIZATION_LEVEL = "-Onone";
				TARGETED_DEVICE_FAMILY = "1,2";
			};
			name = Debug;
		};
		1975794F1E41E6A20030399B /* Release */ = {
			isa = XCBuildConfiguration;
			buildSettings = {
				ALWAYS_SEARCH_USER_PATHS = NO;
				CLANG_ANALYZER_NONNULL = YES;
				CLANG_CXX_LANGUAGE_STANDARD = "gnu++0x";
				CLANG_CXX_LIBRARY = "libc++";
				CLANG_ENABLE_MODULES = YES;
				CLANG_ENABLE_OBJC_ARC = YES;
				CLANG_WARN_BOOL_CONVERSION = YES;
				CLANG_WARN_CONSTANT_CONVERSION = YES;
				CLANG_WARN_DIRECT_OBJC_ISA_USAGE = YES_ERROR;
				CLANG_WARN_EMPTY_BODY = YES;
				CLANG_WARN_ENUM_CONVERSION = YES;
				CLANG_WARN_INT_CONVERSION = YES;
				CLANG_WARN_OBJC_ROOT_CLASS = YES_ERROR;
				CLANG_WARN_UNREACHABLE_CODE = YES;
				CLANG_WARN__DUPLICATE_METHOD_MATCH = YES;
				"CODE_SIGN_IDENTITY[sdk=iphoneos*]" = "iPhone Developer";
				COPY_PHASE_STRIP = NO;
				DEBUG_INFORMATION_FORMAT = "dwarf-with-dsym";
				ENABLE_NS_ASSERTIONS = NO;
				ENABLE_STRICT_OBJC_MSGSEND = YES;
				GCC_C_LANGUAGE_STANDARD = gnu99;
				GCC_NO_COMMON_BLOCKS = YES;
				GCC_WARN_64_TO_32_BIT_CONVERSION = YES;
				GCC_WARN_ABOUT_RETURN_TYPE = YES_ERROR;
				GCC_WARN_UNDECLARED_SELECTOR = YES;
				GCC_WARN_UNINITIALIZED_AUTOS = YES_AGGRESSIVE;
				GCC_WARN_UNUSED_FUNCTION = YES;
				GCC_WARN_UNUSED_VARIABLE = YES;
				IPHONEOS_DEPLOYMENT_TARGET = 9.3;
				MTL_ENABLE_DEBUG_INFO = NO;
				SDKROOT = iphoneos;
				TARGETED_DEVICE_FAMILY = "1,2";
				VALIDATE_PRODUCT = YES;
			};
			name = Release;
		};
		197579511E41E6A20030399B /* Debug */ = {
			isa = XCBuildConfiguration;
			buildSettings = {
				ASSETCATALOG_COMPILER_APPICON_NAME = AppIcon;
				INFOPLIST_FILE = "Image Shader/Info.plist";
				LD_RUNPATH_SEARCH_PATHS = "$(inherited) @executable_path/Frameworks";
				PRODUCT_BUNDLE_IDENTIFIER = "com.example.Image-Shader";
				PRODUCT_NAME = "$(TARGET_NAME)";
			};
			name = Debug;
		};
		197579521E41E6A20030399B /* Release */ = {
			isa = XCBuildConfiguration;
			buildSettings = {
				ASSETCATALOG_COMPILER_APPICON_NAME = AppIcon;
				INFOPLIST_FILE = "Image Shader/Info.plist";
				LD_RUNPATH_SEARCH_PATHS = "$(inherited) @executable_path/Frameworks";
				PRODUCT_BUNDLE_IDENTIFIER = "com.example.Image-Shader";
				PRODUCT_NAME = "$(TARGET_NAME)";
			};
			name = Release;
		};
		197579541E41E6A20030399B /* Debug */ = {
			isa = XCBuildConfiguration;
			buildSettings = {
				BUNDLE_LOADER = "$(TEST_HOST)";
				INFOPLIST_FILE = "Image ShaderTests/Info.plist";
				LD_RUNPATH_SEARCH_PATHS = "$(inherited) @executable_path/Frameworks @loader_path/Frameworks";
				PRODUCT_BUNDLE_IDENTIFIER = "com.example.Image-ShaderTests";
				PRODUCT_NAME = "$(TARGET_NAME)";
				TEST_HOST = "$(BUILT_PRODUCTS_DIR)/Image Shader.app/Image Shader";
			};
			name = Debug;
		};
		197579551E41E6A20030399B /* Release */ = {
			isa = XCBuildConfiguration;
			buildSettings = {
				BUNDLE_LOADER = "$(TEST_HOST)";
				INFOPLIST_FILE = "Image ShaderTests/Info.plist";
				LD_RUNPATH_SEARCH_PATHS = "$(inherited) @executable_path/Frameworks @loader_path/Frameworks";
				PRODUCT_BUNDLE_IDENTIFIER = "com.example.Image-ShaderTests";
				PRODUCT_NAME = "$(TARGET_NAME)";
				TEST_HOST = "$(BUILT_PRODUCTS_DIR)/Image Shader.app/Image Shader";
			};
			name = Release;
		};
		197579571E41E6A20030399B /* Debug */ = {
			isa = XCBuildConfiguration;
			buildSettings = {
				INFOPLIST_FILE = "Image ShaderUITests/Info.plist";
				LD_RUNPATH_SEARCH_PATHS = "$(inherited) @executable_path/Frameworks @loader_path/Frameworks";
				PRODUCT_BUNDLE_IDENTIFIER = "com.example.Image-ShaderUITests";
				PRODUCT_NAME = "$(TARGET_NAME)";
				TEST_TARGET_NAME = "Image Shader";
			};
			name = Debug;
		};
		197579581E41E6A20030399B /* Release */ = {
			isa = XCBuildConfiguration;
			buildSettings = {
				INFOPLIST_FILE = "Image ShaderUITests/Info.plist";
				LD_RUNPATH_SEARCH_PATHS = "$(inherited) @executable_path/Frameworks @loader_path/Frameworks";
				PRODUCT_BUNDLE_IDENTIFIER = "com.example.Image-ShaderUITests";
				PRODUCT_NAME = "$(TARGET_NAME)";
				TEST_TARGET_NAME = "Image Shader";
			};
			name = Release;
		};
/* End XCBuildConfiguration section */

/* Begin XCConfigurationList section */
		197579231E41E6A10030399B /* Build configuration list for PBXProject "Image Shader" */ = {
			isa = XCConfigurationList;
			buildConfigurations = (
				1975794E1E41E6A20030399B /* Debug */,
				1975794F1E41E6A20030399B /* Release */,
			);
			defaultConfigurationIsVisible = 0;
			defaultConfigurationName = Release;
		};
		197579501E41E6A20030399B /* Build configuration list for PBXNativeTarget "Image Shader" */ = {
			isa = XCConfigurationList;
			buildConfigurations = (
				197579511E41E6A20030399B /* Debug */,
				197579521E41E6A20030399B /* Release */,
			);
			defaultConfigurationIsVisible = 0;
		};
		197579531E41E6A20030399B /* Build configuration list for PBXNativeTarget "Image ShaderTests" */ = {
			isa = XCConfigurationList;
			buildConfigurations = (
				197579541E41E6A20030399B /* Debug */,
				197579551E41E6A20030399B /* Release */,
			);
			defaultConfigurationIsVisible = 0;
		};
		197579561E41E6A20030399B /* Build configuration list for PBXNativeTarget "Image ShaderUITests" */ = {
			isa = XCConfigurationList;
			buildConfigurations = (
				197579571E41E6A20030399B /* Debug */,
				197579581E41E6A20030399B /* Release */,
			);
			defaultConfigurationIsVisible = 0;
		};
/* End XCConfigurationList section */
	};
	rootObject = 197579201E41E6A10030399B /* Project object */;
}
